
Microsoft Visual Studio Solution File, Format Version 12.00
# Visual Studio Version 17
VisualStudioVersion = 17.9.34728.123
MinimumVisualStudioVersion = 10.0.40219.1
Project("{FAE04EC0-301F-11D3-BF4B-00C04F79EFBC}") = "Crud Api", "Crud Api\Crud Api.csproj", "{614F6BCF-E1FA-4EC6-A635-0CAA29EE6845}"
EndProject
Global
	GlobalSection(SolutionConfigurationPlatforms) = preSolution
		Debug|Any CPU = Debug|Any CPU
		Release|Any CPU = Release|Any CPU
	EndGlobalSection
	GlobalSection(ProjectConfigurationPlatforms) = postSolution
		{614F6BCF-E1FA-4EC6-A635-0CAA29EE6845}.Debug|Any CPU.ActiveCfg = Debug|Any CPU
		{614F6BCF-E1FA-4EC6-A635-0CAA29EE6845}.Debug|Any CPU.Build.0 = Debug|Any CPU
		{614F6BCF-E1FA-4EC6-A635-0CAA29EE6845}.Release|Any CPU.ActiveCfg = Release|Any CPU
		{614F6BCF-E1FA-4EC6-A635-0CAA29EE6845}.Release|Any CPU.Build.0 = Release|Any CPU
	EndGlobalSection
	GlobalSection(SolutionProperties) = preSolution
		HideSolutionNode = FALSE
	EndGlobalSection
	GlobalSection(ExtensibilityGlobals) = postSolution
		SolutionGuid = {21F14903-A620-482C-91D7-91C0C78D2E92}
	EndGlobalSection
EndGlobal
